// !$*UTF8*$!
{
	archiveVersion = 1;
	classes = {
	};
	objectVersion = 51;
	objects = {

/* Begin PBXBuildFile section */
		86DB328D239331DB00803B29 /* AppDelegate.swift in Sources */ = {isa = PBXBuildFile; fileRef = 86DB328C239331DB00803B29 /* AppDelegate.swift */; };
		86DB328F239331DB00803B29 /* SceneDelegate.swift in Sources */ = {isa = PBXBuildFile; fileRef = 86DB328E239331DB00803B29 /* SceneDelegate.swift */; };
		86DB3291239331DB00803B29 /* ContentView.swift in Sources */ = {isa = PBXBuildFile; fileRef = 86DB3290239331DB00803B29 /* ContentView.swift */; };
		86DB3293239331DD00803B29 /* Assets.xcassets in Resources */ = {isa = PBXBuildFile; fileRef = 86DB3292239331DD00803B29 /* Assets.xcassets */; };
		86DB3296239331DD00803B29 /* Preview Assets.xcassets in Resources */ = {isa = PBXBuildFile; fileRef = 86DB3295239331DD00803B29 /* Preview Assets.xcassets */; };
		86DB3299239331DD00803B29 /* LaunchScreen.storyboard in Resources */ = {isa = PBXBuildFile; fileRef = 86DB3297239331DD00803B29 /* LaunchScreen.storyboard */; };
		86DB32A12393388600803B29 /* LogInView.swift in Sources */ = {isa = PBXBuildFile; fileRef = 86DB32A02393388600803B29 /* LogInView.swift */; };
		86DB32A323933DEB00803B29 /* SignInView.swift in Sources */ = {isa = PBXBuildFile; fileRef = 86DB32A223933DEB00803B29 /* SignInView.swift */; };
		86DB32A52393607700803B29 /* GoogleService-Info.plist in Resources */ = {isa = PBXBuildFile; fileRef = 86DB32A42393607700803B29 /* GoogleService-Info.plist */; };
		86DB32AB239393F600803B29 /* FacebookViewController.swift in Sources */ = {isa = PBXBuildFile; fileRef = 86DB32AA239393F600803B29 /* FacebookViewController.swift */; };
		86DB32AD2393949B00803B29 /* FacebookDelegateObserver.swift in Sources */ = {isa = PBXBuildFile; fileRef = 86DB32AC2393949B00803B29 /* FacebookDelegateObserver.swift */; };
		86DB32AF239397F400803B29 /* UniNavigation.swift in Sources */ = {isa = PBXBuildFile; fileRef = 86DB32AE239397F300803B29 /* UniNavigation.swift */; };
		DF8E40124E7C332CADD93594 /* Pods_socialMediaAlert.framework in Frameworks */ = {isa = PBXBuildFile; fileRef = DE4279B90B2C5343377BC4B8 /* Pods_socialMediaAlert.framework */; };
/* End PBXBuildFile section */

/* Begin PBXFileReference section */
		62AF6A76B88C46BDBC3CEB1F /* Pods-socialMediaAlert.release.xcconfig */ = {isa = PBXFileReference; includeInIndex = 1; lastKnownFileType = text.xcconfig; name = "Pods-socialMediaAlert.release.xcconfig"; path = "Target Support Files/Pods-socialMediaAlert/Pods-socialMediaAlert.release.xcconfig"; sourceTree = "<group>"; };
		86DB3289239331DB00803B29 /* socialMediaAlert.app */ = {isa = PBXFileReference; explicitFileType = wrapper.application; includeInIndex = 0; path = socialMediaAlert.app; sourceTree = BUILT_PRODUCTS_DIR; };
		86DB328C239331DB00803B29 /* AppDelegate.swift */ = {isa = PBXFileReference; lastKnownFileType = sourcecode.swift; path = AppDelegate.swift; sourceTree = "<group>"; };
		86DB328E239331DB00803B29 /* SceneDelegate.swift */ = {isa = PBXFileReference; lastKnownFileType = sourcecode.swift; path = SceneDelegate.swift; sourceTree = "<group>"; };
		86DB3290239331DB00803B29 /* ContentView.swift */ = {isa = PBXFileReference; lastKnownFileType = sourcecode.swift; path = ContentView.swift; sourceTree = "<group>"; };
		86DB3292239331DD00803B29 /* Assets.xcassets */ = {isa = PBXFileReference; lastKnownFileType = folder.assetcatalog; path = Assets.xcassets; sourceTree = "<group>"; };
		86DB3295239331DD00803B29 /* Preview Assets.xcassets */ = {isa = PBXFileReference; lastKnownFileType = folder.assetcatalog; path = "Preview Assets.xcassets"; sourceTree = "<group>"; };
		86DB3298239331DD00803B29 /* Base */ = {isa = PBXFileReference; lastKnownFileType = file.storyboard; name = Base; path = Base.lproj/LaunchScreen.storyboard; sourceTree = "<group>"; };
		86DB329A239331DD00803B29 /* Info.plist */ = {isa = PBXFileReference; lastKnownFileType = text.plist.xml; path = Info.plist; sourceTree = "<group>"; };
		86DB32A02393388600803B29 /* LogInView.swift */ = {isa = PBXFileReference; lastKnownFileType = sourcecode.swift; path = LogInView.swift; sourceTree = "<group>"; };
		86DB32A223933DEB00803B29 /* SignInView.swift */ = {isa = PBXFileReference; lastKnownFileType = sourcecode.swift; path = SignInView.swift; sourceTree = "<group>"; };
		86DB32A42393607700803B29 /* GoogleService-Info.plist */ = {isa = PBXFileReference; fileEncoding = 4; lastKnownFileType = text.plist.xml; path = "GoogleService-Info.plist"; sourceTree = "<group>"; };
		86DB32AA239393F600803B29 /* FacebookViewController.swift */ = {isa = PBXFileReference; lastKnownFileType = sourcecode.swift; path = FacebookViewController.swift; sourceTree = "<group>"; };
		86DB32AC2393949B00803B29 /* FacebookDelegateObserver.swift */ = {isa = PBXFileReference; lastKnownFileType = sourcecode.swift; path = FacebookDelegateObserver.swift; sourceTree = "<group>"; };
		86DB32AE239397F300803B29 /* UniNavigation.swift */ = {isa = PBXFileReference; lastKnownFileType = sourcecode.swift; path = UniNavigation.swift; sourceTree = "<group>"; };
		DE4279B90B2C5343377BC4B8 /* Pods_socialMediaAlert.framework */ = {isa = PBXFileReference; explicitFileType = wrapper.framework; includeInIndex = 0; path = Pods_socialMediaAlert.framework; sourceTree = BUILT_PRODUCTS_DIR; };
		F1F324AC6C4C38868A165DA0 /* Pods-socialMediaAlert.debug.xcconfig */ = {isa = PBXFileReference; includeInIndex = 1; lastKnownFileType = text.xcconfig; name = "Pods-socialMediaAlert.debug.xcconfig"; path = "Target Support Files/Pods-socialMediaAlert/Pods-socialMediaAlert.debug.xcconfig"; sourceTree = "<group>"; };
/* End PBXFileReference section */

/* Begin PBXFrameworksBuildPhase section */
		86DB3286239331DB00803B29 /* Frameworks */ = {
			isa = PBXFrameworksBuildPhase;
			buildActionMask = 2147483647;
			files = (
				DF8E40124E7C332CADD93594 /* Pods_socialMediaAlert.framework in Frameworks */,
			);
			runOnlyForDeploymentPostprocessing = 0;
		};
/* End PBXFrameworksBuildPhase section */

/* Begin PBXGroup section */
		2384A355EC774F88C12B5F5F /* Frameworks */ = {
			isa = PBXGroup;
			children = (
				DE4279B90B2C5343377BC4B8 /* Pods_socialMediaAlert.framework */,
			);
			name = Frameworks;
			sourceTree = "<group>";
		};
		86DB3280239331DB00803B29 = {
			isa = PBXGroup;
			children = (
				86DB328B239331DB00803B29 /* socialMediaAlert */,
				86DB328A239331DB00803B29 /* Products */,
				906CC38F6633B14BA6E951BA /* Pods */,
				2384A355EC774F88C12B5F5F /* Frameworks */,
			);
			sourceTree = "<group>";
		};
		86DB328A239331DB00803B29 /* Products */ = {
			isa = PBXGroup;
			children = (
				86DB3289239331DB00803B29 /* socialMediaAlert.app */,
			);
			name = Products;
			sourceTree = "<group>";
		};
		86DB328B239331DB00803B29 /* socialMediaAlert */ = {
			isa = PBXGroup;
			children = (
				86DB328C239331DB00803B29 /* AppDelegate.swift */,
				86DB328E239331DB00803B29 /* SceneDelegate.swift */,
				86DB3290239331DB00803B29 /* ContentView.swift */,
				86DB32A02393388600803B29 /* LogInView.swift */,
				86DB32A223933DEB00803B29 /* SignInView.swift */,
				86DB32AA239393F600803B29 /* FacebookViewController.swift */,
				86DB32AE239397F300803B29 /* UniNavigation.swift */,
				86DB32AC2393949B00803B29 /* FacebookDelegateObserver.swift */,
				86DB3292239331DD00803B29 /* Assets.xcassets */,
				86DB3297239331DD00803B29 /* LaunchScreen.storyboard */,
				86DB329A239331DD00803B29 /* Info.plist */,
				86DB32A42393607700803B29 /* GoogleService-Info.plist */,
				86DB3294239331DD00803B29 /* Preview Content */,
			);
			path = socialMediaAlert;
			sourceTree = "<group>";
		};
		86DB3294239331DD00803B29 /* Preview Content */ = {
			isa = PBXGroup;
			children = (
				86DB3295239331DD00803B29 /* Preview Assets.xcassets */,
			);
			path = "Preview Content";
			sourceTree = "<group>";
		};
		906CC38F6633B14BA6E951BA /* Pods */ = {
			isa = PBXGroup;
			children = (
				F1F324AC6C4C38868A165DA0 /* Pods-socialMediaAlert.debug.xcconfig */,
				62AF6A76B88C46BDBC3CEB1F /* Pods-socialMediaAlert.release.xcconfig */,
			);
			path = Pods;
			sourceTree = "<group>";
		};
/* End PBXGroup section */

/* Begin PBXNativeTarget section */
		86DB3288239331DB00803B29 /* socialMediaAlert */ = {
			isa = PBXNativeTarget;
			buildConfigurationList = 86DB329D239331DD00803B29 /* Build configuration list for PBXNativeTarget "socialMediaAlert" */;
			buildPhases = (
				342A703329848A6E3E9BD50C /* [CP] Check Pods Manifest.lock */,
				86DB3285239331DB00803B29 /* Sources */,
				86DB3286239331DB00803B29 /* Frameworks */,
				86DB3287239331DB00803B29 /* Resources */,
				4E7E4907499BA1733C10C346 /* [CP] Embed Pods Frameworks */,
			);
			buildRules = (
			);
			dependencies = (
			);
			name = socialMediaAlert;
			productName = socialMediaAlert;
			productReference = 86DB3289239331DB00803B29 /* socialMediaAlert.app */;
			productType = "com.apple.product-type.application";
		};
/* End PBXNativeTarget section */

/* Begin PBXProject section */
		86DB3281239331DB00803B29 /* Project object */ = {
			isa = PBXProject;
			attributes = {
				LastSwiftUpdateCheck = 1120;
				LastUpgradeCheck = 1120;
				ORGANIZATIONNAME = "Roberto Gonzalez";
				TargetAttributes = {
					86DB3288239331DB00803B29 = {
						CreatedOnToolsVersion = 11.2.1;
					};
				};
			};
			buildConfigurationList = 86DB3284239331DB00803B29 /* Build configuration list for PBXProject "socialMediaAlert" */;
			compatibilityVersion = "Xcode 9.3";
			developmentRegion = en;
			hasScannedForEncodings = 0;
			knownRegions = (
				en,
				Base,
			);
			mainGroup = 86DB3280239331DB00803B29;
			productRefGroup = 86DB328A239331DB00803B29 /* Products */;
			projectDirPath = "";
			projectRoot = "";
			targets = (
				86DB3288239331DB00803B29 /* socialMediaAlert */,
			);
		};
/* End PBXProject section */

/* Begin PBXResourcesBuildPhase section */
		86DB3287239331DB00803B29 /* Resources */ = {
			isa = PBXResourcesBuildPhase;
			buildActionMask = 2147483647;
			files = (
				86DB3299239331DD00803B29 /* LaunchScreen.storyboard in Resources */,
				86DB32A52393607700803B29 /* GoogleService-Info.plist in Resources */,
				86DB3296239331DD00803B29 /* Preview Assets.xcassets in Resources */,
				86DB3293239331DD00803B29 /* Assets.xcassets in Resources */,
			);
			runOnlyForDeploymentPostprocessing = 0;
		};
/* End PBXResourcesBuildPhase section */

/* Begin PBXShellScriptBuildPhase section */
		342A703329848A6E3E9BD50C /* [CP] Check Pods Manifest.lock */ = {
			isa = PBXShellScriptBuildPhase;
			buildActionMask = 2147483647;
			files = (
			);
			inputFileListPaths = (
			);
			inputPaths = (
				"${PODS_PODFILE_DIR_PATH}/Podfile.lock",
				"${PODS_ROOT}/Manifest.lock",
			);
			name = "[CP] Check Pods Manifest.lock";
			outputFileListPaths = (
			);
			outputPaths = (
				"$(DERIVED_FILE_DIR)/Pods-socialMediaAlert-checkManifestLockResult.txt",
			);
			runOnlyForDeploymentPostprocessing = 0;
			shellPath = /bin/sh;
			shellScript = "diff \"${PODS_PODFILE_DIR_PATH}/Podfile.lock\" \"${PODS_ROOT}/Manifest.lock\" > /dev/null\nif [ $? != 0 ] ; then\n    # print error to STDERR\n    echo \"error: The sandbox is not in sync with the Podfile.lock. Run 'pod install' or update your CocoaPods installation.\" >&2\n    exit 1\nfi\n# This output is used by Xcode 'outputs' to avoid re-running this script phase.\necho \"SUCCESS\" > \"${SCRIPT_OUTPUT_FILE_0}\"\n";
			showEnvVarsInLog = 0;
		};
		4E7E4907499BA1733C10C346 /* [CP] Embed Pods Frameworks */ = {
			isa = PBXShellScriptBuildPhase;
			buildActionMask = 2147483647;
			files = (
			);
			inputFileListPaths = (
				"${PODS_ROOT}/Target Support Files/Pods-socialMediaAlert/Pods-socialMediaAlert-frameworks-${CONFIGURATION}-input-files.xcfilelist",
			);
			name = "[CP] Embed Pods Frameworks";
			outputFileListPaths = (
				"${PODS_ROOT}/Target Support Files/Pods-socialMediaAlert/Pods-socialMediaAlert-frameworks-${CONFIGURATION}-output-files.xcfilelist",
			);
			runOnlyForDeploymentPostprocessing = 0;
			shellPath = /bin/sh;
			shellScript = "\"${PODS_ROOT}/Target Support Files/Pods-socialMediaAlert/Pods-socialMediaAlert-frameworks.sh\"\n";
			showEnvVarsInLog = 0;
		};
/* End PBXShellScriptBuildPhase section */

/* Begin PBXSourcesBuildPhase section */
		86DB3285239331DB00803B29 /* Sources */ = {
			isa = PBXSourcesBuildPhase;
			buildActionMask = 2147483647;
			files = (
				86DB32AB239393F600803B29 /* FacebookViewController.swift in Sources */,
				86DB328D239331DB00803B29 /* AppDelegate.swift in Sources */,
				86DB32AD2393949B00803B29 /* FacebookDelegateObserver.swift in Sources */,
				86DB328F239331DB00803B29 /* SceneDelegate.swift in Sources */,
				86DB32A12393388600803B29 /* LogInView.swift in Sources */,
				86DB3291239331DB00803B29 /* ContentView.swift in Sources */,
				86DB32AF239397F400803B29 /* UniNavigation.swift in Sources */,
				86DB32A323933DEB00803B29 /* SignInView.swift in Sources */,
			);
			runOnlyForDeploymentPostprocessing = 0;
		};
/* End PBXSourcesBuildPhase section */

/* Begin PBXVariantGroup section */
		86DB3297239331DD00803B29 /* LaunchScreen.storyboard */ = {
			isa = PBXVariantGroup;
			children = (
				86DB3298239331DD00803B29 /* Base */,
			);
			name = LaunchScreen.storyboard;
			sourceTree = "<group>";
		};
/* End PBXVariantGroup section */

/* Begin XCBuildConfiguration section */
		86DB329B239331DD00803B29 /* Debug */ = {
			isa = XCBuildConfiguration;
			buildSettings = {
				ALWAYS_SEARCH_USER_PATHS = NO;
				CLANG_ANALYZER_NONNULL = YES;
				CLANG_ANALYZER_NUMBER_OBJECT_CONVERSION = YES_AGGRESSIVE;
				CLANG_CXX_LANGUAGE_STANDARD = "gnu++14";
				CLANG_CXX_LIBRARY = "libc++";
				CLANG_ENABLE_MODULES = YES;
				CLANG_ENABLE_OBJC_ARC = YES;
				CLANG_ENABLE_OBJC_WEAK = YES;
				CLANG_WARN_BLOCK_CAPTURE_AUTORELEASING = YES;
				CLANG_WARN_BOOL_CONVERSION = YES;
				CLANG_WARN_COMMA = YES;
				CLANG_WARN_CONSTANT_CONVERSION = YES;
				CLANG_WARN_DEPRECATED_OBJC_IMPLEMENTATIONS = YES;
				CLANG_WARN_DIRECT_OBJC_ISA_USAGE = YES_ERROR;
				CLANG_WARN_DOCUMENTATION_COMMENTS = YES;
				CLANG_WARN_EMPTY_BODY = YES;
				CLANG_WARN_ENUM_CONVERSION = YES;
				CLANG_WARN_INFINITE_RECURSION = YES;
				CLANG_WARN_INT_CONVERSION = YES;
				CLANG_WARN_NON_LITERAL_NULL_CONVERSION = YES;
				CLANG_WARN_OBJC_IMPLICIT_RETAIN_SELF = YES;
				CLANG_WARN_OBJC_LITERAL_CONVERSION = YES;
				CLANG_WARN_OBJC_ROOT_CLASS = YES_ERROR;
				CLANG_WARN_RANGE_LOOP_ANALYSIS = YES;
				CLANG_WARN_STRICT_PROTOTYPES = YES;
				CLANG_WARN_SUSPICIOUS_MOVE = YES;
				CLANG_WARN_UNGUARDED_AVAILABILITY = YES_AGGRESSIVE;
				CLANG_WARN_UNREACHABLE_CODE = YES;
				CLANG_WARN__DUPLICATE_METHOD_MATCH = YES;
				COPY_PHASE_STRIP = NO;
				DEBUG_INFORMATION_FORMAT = dwarf;
				ENABLE_STRICT_OBJC_MSGSEND = YES;
				ENABLE_TESTABILITY = YES;
				GCC_C_LANGUAGE_STANDARD = gnu11;
				GCC_DYNAMIC_NO_PIC = NO;
				GCC_NO_COMMON_BLOCKS = YES;
				GCC_OPTIMIZATION_LEVEL = 0;
				GCC_PREPROCESSOR_DEFINITIONS = (
					"DEBUG=1",
					"$(inherited)",
				);
				GCC_WARN_64_TO_32_BIT_CONVERSION = YES;
				GCC_WARN_ABOUT_RETURN_TYPE = YES_ERROR;
				GCC_WARN_UNDECLARED_SELECTOR = YES;
				GCC_WARN_UNINITIALIZED_AUTOS = YES_AGGRESSIVE;
				GCC_WARN_UNUSED_FUNCTION = YES;
				GCC_WARN_UNUSED_VARIABLE = YES;
				IPHONEOS_DEPLOYMENT_TARGET = 13.2;
				MTL_ENABLE_DEBUG_INFO = INCLUDE_SOURCE;
				MTL_FAST_MATH = YES;
				ONLY_ACTIVE_ARCH = YES;
				SDKROOT = iphoneos;
				SWIFT_ACTIVE_COMPILATION_CONDITIONS = DEBUG;
				SWIFT_OPTIMIZATION_LEVEL = "-Onone";
			};
			name = Debug;
		};
		86DB329C239331DD00803B29 /* Release */ = {
			isa = XCBuildConfiguration;
			buildSettings = {
				ALWAYS_SEARCH_USER_PATHS = NO;
				CLANG_ANALYZER_NONNULL = YES;
				CLANG_ANALYZER_NUMBER_OBJECT_CONVERSION = YES_AGGRESSIVE;
				CLANG_CXX_LANGUAGE_STANDARD = "gnu++14";
				CLANG_CXX_LIBRARY = "libc++";
				CLANG_ENABLE_MODULES = YES;
				CLANG_ENABLE_OBJC_ARC = YES;
				CLANG_ENABLE_OBJC_WEAK = YES;
				CLANG_WARN_BLOCK_CAPTURE_AUTORELEASING = YES;
				CLANG_WARN_BOOL_CONVERSION = YES;
				CLANG_WARN_COMMA = YES;
				CLANG_WARN_CONSTANT_CONVERSION = YES;
				CLANG_WARN_DEPRECATED_OBJC_IMPLEMENTATIONS = YES;
				CLANG_WARN_DIRECT_OBJC_ISA_USAGE = YES_ERROR;
				CLANG_WARN_DOCUMENTATION_COMMENTS = YES;
				CLANG_WARN_EMPTY_BODY = YES;
				CLANG_WARN_ENUM_CONVERSION = YES;
				CLANG_WARN_INFINITE_RECURSION = YES;
				CLANG_WARN_INT_CONVERSION = YES;
				CLANG_WARN_NON_LITERAL_NULL_CONVERSION = YES;
				CLANG_WARN_OBJC_IMPLICIT_RETAIN_SELF = YES;
				CLANG_WARN_OBJC_LITERAL_CONVERSION = YES;
				CLANG_WARN_OBJC_ROOT_CLASS = YES_ERROR;
				CLANG_WARN_RANGE_LOOP_ANALYSIS = YES;
				CLANG_WARN_STRICT_PROTOTYPES = YES;
				CLANG_WARN_SUSPICIOUS_MOVE = YES;
				CLANG_WARN_UNGUARDED_AVAILABILITY = YES_AGGRESSIVE;
				CLANG_WARN_UNREACHABLE_CODE = YES;
				CLANG_WARN__DUPLICATE_METHOD_MATCH = YES;
				COPY_PHASE_STRIP = NO;
				DEBUG_INFORMATION_FORMAT = "dwarf-with-dsym";
				ENABLE_NS_ASSERTIONS = NO;
				ENABLE_STRICT_OBJC_MSGSEND = YES;
				GCC_C_LANGUAGE_STANDARD = gnu11;
				GCC_NO_COMMON_BLOCKS = YES;
				GCC_WARN_64_TO_32_BIT_CONVERSION = YES;
				GCC_WARN_ABOUT_RETURN_TYPE = YES_ERROR;
				GCC_WARN_UNDECLARED_SELECTOR = YES;
				GCC_WARN_UNINITIALIZED_AUTOS = YES_AGGRESSIVE;
				GCC_WARN_UNUSED_FUNCTION = YES;
				GCC_WARN_UNUSED_VARIABLE = YES;
				IPHONEOS_DEPLOYMENT_TARGET = 13.2;
				MTL_ENABLE_DEBUG_INFO = NO;
				MTL_FAST_MATH = YES;
				SDKROOT = iphoneos;
				SWIFT_COMPILATION_MODE = wholemodule;
				SWIFT_OPTIMIZATION_LEVEL = "-O";
				VALIDATE_PRODUCT = YES;
			};
			name = Release;
		};
		86DB329E239331DD00803B29 /* Debug */ = {
			isa = XCBuildConfiguration;
			baseConfigurationReference = F1F324AC6C4C38868A165DA0 /* Pods-socialMediaAlert.debug.xcconfig */;
			buildSettings = {
				ASSETCATALOG_COMPILER_APPICON_NAME = AppIcon;
				CODE_SIGN_STYLE = Automatic;
				DEVELOPMENT_ASSET_PATHS = "\"socialMediaAlert/Preview Content\"";
				ENABLE_PREVIEWS = YES;
				INFOPLIST_FILE = socialMediaAlert/Info.plist;
				LD_RUNPATH_SEARCH_PATHS = (
					"$(inherited)",
					"@executable_path/Frameworks",
				);
				PRODUCT_BUNDLE_IDENTIFIER = "Roberto-Gonzalez.socialMediaAlert";
				PRODUCT_NAME = "$(TARGET_NAME)";
				SWIFT_VERSION = 5.0;
				TARGETED_DEVICE_FAMILY = "1,2";
			};
			name = Debug;
		};
		86DB329F239331DD00803B29 /* Release */ = {
			isa = XCBuildConfiguration;
			baseConfigurationReference = 62AF6A76B88C46BDBC3CEB1F /* Pods-socialMediaAlert.release.xcconfig */;
			buildSettings = {
				ASSETCATALOG_COMPILER_APPICON_NAME = AppIcon;
				CODE_SIGN_STYLE = Automatic;
				DEVELOPMENT_ASSET_PATHS = "\"socialMediaAlert/Preview Content\"";
				ENABLE_PREVIEWS = YES;
				INFOPLIST_FILE = socialMediaAlert/Info.plist;
				LD_RUNPATH_SEARCH_PATHS = (
					"$(inherited)",
					"@executable_path/Frameworks",
				);
				PRODUCT_BUNDLE_IDENTIFIER = "Roberto-Gonzalez.socialMediaAlert";
				PRODUCT_NAME = "$(TARGET_NAME)";
				SWIFT_VERSION = 5.0;
				TARGETED_DEVICE_FAMILY = "1,2";
			};
			name = Release;
		};
/* End XCBuildConfiguration section */

/* Begin XCConfigurationList section */
		86DB3284239331DB00803B29 /* Build configuration list for PBXProject "socialMediaAlert" */ = {
			isa = XCConfigurationList;
			buildConfigurations = (
				86DB329B239331DD00803B29 /* Debug */,
				86DB329C239331DD00803B29 /* Release */,
			);
			defaultConfigurationIsVisible = 0;
			defaultConfigurationName = Release;
		};
		86DB329D239331DD00803B29 /* Build configuration list for PBXNativeTarget "socialMediaAlert" */ = {
			isa = XCConfigurationList;
			buildConfigurations = (
				86DB329E239331DD00803B29 /* Debug */,
				86DB329F239331DD00803B29 /* Release */,
			);
			defaultConfigurationIsVisible = 0;
			defaultConfigurationName = Release;
		};
/* End XCConfigurationList section */
	};
	rootObject = 86DB3281239331DB00803B29 /* Project object */;
}
